
Microsoft Visual Studio Solution File, Format Version 12.00
# Visual Studio Version 16
VisualStudioVersion = 16.0.29613.14
MinimumVisualStudioVersion = 10.0.40219.1
Project("{FAE04EC0-301F-11D3-BF4B-00C04F79EFBC}") = "GenericCalculator", "GenericCalculator.csproj", "{2AC63D6B-B4DF-413A-833A-8B1ABA69FD63}"
EndProject
Global
	GlobalSection(SolutionConfigurationPlatforms) = preSolution
		Debug|Any CPU = Debug|Any CPU
		Release|Any CPU = Release|Any CPU
	EndGlobalSection
	GlobalSection(ProjectConfigurationPlatforms) = postSolution
		{2AC63D6B-B4DF-413A-833A-8B1ABA69FD63}.Debug|Any CPU.ActiveCfg = Debug|Any CPU
		{2AC63D6B-B4DF-413A-833A-8B1ABA69FD63}.Debug|Any CPU.Build.0 = Debug|Any CPU
		{2AC63D6B-B4DF-413A-833A-8B1ABA69FD63}.Release|Any CPU.ActiveCfg = Release|Any CPU
		{2AC63D6B-B4DF-413A-833A-8B1ABA69FD63}.Release|Any CPU.Build.0 = Release|Any CPU
	EndGlobalSection
	GlobalSection(SolutionProperties) = preSolution
		HideSolutionNode = FALSE
	EndGlobalSection
	GlobalSection(ExtensibilityGlobals) = postSolution
		SolutionGuid = {0679C899-E551-46B3-84E5-A429209C5866}
	EndGlobalSection
EndGlobal
